
Microsoft Visual Studio Solution File, Format Version 12.00
# Visual Studio 14
VisualStudioVersion = 14.0.25420.1
MinimumVisualStudioVersion = 10.0.40219.1
Project("{FAE04EC0-301F-11D3-BF4B-00C04F79EFBC}") = "MajeBugDomain", "MajeBugDomain\MajeBugDomain.csproj", "{B93DEF41-E2AA-4F1C-910A-3ACFD1BE3A82}"
EndProject
Project("{FAE04EC0-301F-11D3-BF4B-00C04F79EFBC}") = "MajeBug.Data", "MajeBug.Data\MajeBug.Data.csproj", "{F590E0C1-5F7D-4909-8691-94D14BDDAC1E}"
EndProject
Project("{FAE04EC0-301F-11D3-BF4B-00C04F79EFBC}") = "ManajeBugWebApi", "ManajeBugWebApi\ManajeBugWebApi.csproj", "{61644BDF-79AC-4FD8-A38F-7A62DE25CC2E}"
EndProject
Global
	GlobalSection(SolutionConfigurationPlatforms) = preSolution
		Debug|Any CPU = Debug|Any CPU
		Release|Any CPU = Release|Any CPU
	EndGlobalSection
	GlobalSection(ProjectConfigurationPlatforms) = postSolution
		{B93DEF41-E2AA-4F1C-910A-3ACFD1BE3A82}.Debug|Any CPU.ActiveCfg = Debug|Any CPU
		{B93DEF41-E2AA-4F1C-910A-3ACFD1BE3A82}.Debug|Any CPU.Build.0 = Debug|Any CPU
		{B93DEF41-E2AA-4F1C-910A-3ACFD1BE3A82}.Release|Any CPU.ActiveCfg = Release|Any CPU
		{B93DEF41-E2AA-4F1C-910A-3ACFD1BE3A82}.Release|Any CPU.Build.0 = Release|Any CPU
		{F590E0C1-5F7D-4909-8691-94D14BDDAC1E}.Debug|Any CPU.ActiveCfg = Debug|Any CPU
		{F590E0C1-5F7D-4909-8691-94D14BDDAC1E}.Debug|Any CPU.Build.0 = Debug|Any CPU
		{F590E0C1-5F7D-4909-8691-94D14BDDAC1E}.Release|Any CPU.ActiveCfg = Release|Any CPU
		{F590E0C1-5F7D-4909-8691-94D14BDDAC1E}.Release|Any CPU.Build.0 = Release|Any CPU
		{61644BDF-79AC-4FD8-A38F-7A62DE25CC2E}.Debug|Any CPU.ActiveCfg = Debug|Any CPU
		{61644BDF-79AC-4FD8-A38F-7A62DE25CC2E}.Debug|Any CPU.Build.0 = Debug|Any CPU
		{61644BDF-79AC-4FD8-A38F-7A62DE25CC2E}.Release|Any CPU.ActiveCfg = Release|Any CPU
		{61644BDF-79AC-4FD8-A38F-7A62DE25CC2E}.Release|Any CPU.Build.0 = Release|Any CPU
	EndGlobalSection
	GlobalSection(SolutionProperties) = preSolution
		HideSolutionNode = FALSE
	EndGlobalSection
EndGlobal
